
Microsoft Visual Studio Solution File, Format Version 12.00
# Visual Studio Version 16
VisualStudioVersion = 16.0.29728.190
MinimumVisualStudioVersion = 10.0.40219.1
Project("{F184B08F-C81C-45F6-A57F-5ABD9991F28F}") = "FormWar", "FormWar.vbproj", "{0355F8C3-AFF0-4442-A17C-318A59773836}"
EndProject
Global
	GlobalSection(SolutionConfigurationPlatforms) = preSolution
		Debug|Any CPU = Debug|Any CPU
		Release|Any CPU = Release|Any CPU
	EndGlobalSection
	GlobalSection(ProjectConfigurationPlatforms) = postSolution
		{0355F8C3-AFF0-4442-A17C-318A59773836}.Debug|Any CPU.ActiveCfg = Debug|Any CPU
		{0355F8C3-AFF0-4442-A17C-318A59773836}.Debug|Any CPU.Build.0 = Debug|Any CPU
		{0355F8C3-AFF0-4442-A17C-318A59773836}.Release|Any CPU.ActiveCfg = Release|Any CPU
		{0355F8C3-AFF0-4442-A17C-318A59773836}.Release|Any CPU.Build.0 = Release|Any CPU
	EndGlobalSection
	GlobalSection(SolutionProperties) = preSolution
		HideSolutionNode = FALSE
	EndGlobalSection
	GlobalSection(ExtensibilityGlobals) = postSolution
		SolutionGuid = {08162086-BAD0-4DA0-8FA9-54FCC57BDA90}
	EndGlobalSection
EndGlobal
